
Microsoft Visual Studio Solution File, Format Version 12.00
# Visual Studio Version 17
VisualStudioVersion = 17.0.32014.148
MinimumVisualStudioVersion = 10.0.40219.1
Project("{FAE04EC0-301F-11D3-BF4B-00C04F79EFBC}") = "linkedlist_try1_1401.05.19", "linkedlist_try1_1401.05.19\linkedlist_try1_1401.05.19.csproj", "{75B60D56-4EE4-49CE-BB1B-BE46FB1107B2}"
EndProject
Global
	GlobalSection(SolutionConfigurationPlatforms) = preSolution
		Debug|Any CPU = Debug|Any CPU
		Release|Any CPU = Release|Any CPU
	EndGlobalSection
	GlobalSection(ProjectConfigurationPlatforms) = postSolution
		{75B60D56-4EE4-49CE-BB1B-BE46FB1107B2}.Debug|Any CPU.ActiveCfg = Debug|Any CPU
		{75B60D56-4EE4-49CE-BB1B-BE46FB1107B2}.Debug|Any CPU.Build.0 = Debug|Any CPU
		{75B60D56-4EE4-49CE-BB1B-BE46FB1107B2}.Release|Any CPU.ActiveCfg = Release|Any CPU
		{75B60D56-4EE4-49CE-BB1B-BE46FB1107B2}.Release|Any CPU.Build.0 = Release|Any CPU
	EndGlobalSection
	GlobalSection(SolutionProperties) = preSolution
		HideSolutionNode = FALSE
	EndGlobalSection
	GlobalSection(ExtensibilityGlobals) = postSolution
		SolutionGuid = {A30DCB55-9482-4A60-8086-1C05250C6A0E}
	EndGlobalSection
EndGlobal
